Microsoft Visual Studio Solution File, Format Version 12.00
# Visual Studio Version 17
VisualStudioVersion = 17.5.2.0
MinimumVisualStudioVersion = 10.0.40219.1
Project("{FAE04EC0-301F-11D3-BF4B-00C04F79EFBC}") = "backend", "backend\backend.csproj", "{B5CEE1AB-68C5-FCEC-EA61-653FFB609ED2}"
EndProject
Project("{2150E333-8FDC-42A3-9474-1A3956D46DE8}") = "backend (1)", "backend (1)", "{F40A6B9C-1551-2899-B62A-34194074F929}"
EndProject
Project("{2150E333-8FDC-42A3-9474-1A3956D46DE8}") = "console", "console", "{9A6C3BBD-446B-001B-2F05-1384FCE031E5}"
EndProject
Project("{FAE04EC0-301F-11D3-BF4B-00C04F79EFBC}") = "DatabaseMigration", "backend\console\DatabaseMigration\DatabaseMigration.csproj", "{31FFB845-11F3-EA28-7367-A8128E5B3AD2}"
EndProject
Project("{FAE04EC0-301F-11D3-BF4B-00C04F79EFBC}") = "DatabaseSeeder", "backend\console\DatabaseSeeder\DatabaseSeeder.csproj", "{FB46C731-1531-E51D-2501-7A02A3580AFA}"
EndProject
Global
	GlobalSection(SolutionConfigurationPlatforms) = preSolution
		Debug|Any CPU = Debug|Any CPU
		Release|Any CPU = Release|Any CPU
	EndGlobalSection
	GlobalSection(ProjectConfigurationPlatforms) = postSolution
		{B5CEE1AB-68C5-FCEC-EA61-653FFB609ED2}.Debug|Any CPU.ActiveCfg = Debug|Any CPU
		{B5CEE1AB-68C5-FCEC-EA61-653FFB609ED2}.Debug|Any CPU.Build.0 = Debug|Any CPU
		{B5CEE1AB-68C5-FCEC-EA61-653FFB609ED2}.Release|Any CPU.ActiveCfg = Release|Any CPU
		{B5CEE1AB-68C5-FCEC-EA61-653FFB609ED2}.Release|Any CPU.Build.0 = Release|Any CPU
		{31FFB845-11F3-EA28-7367-A8128E5B3AD2}.Debug|Any CPU.ActiveCfg = Debug|Any CPU
		{31FFB845-11F3-EA28-7367-A8128E5B3AD2}.Debug|Any CPU.Build.0 = Debug|Any CPU
		{31FFB845-11F3-EA28-7367-A8128E5B3AD2}.Release|Any CPU.ActiveCfg = Release|Any CPU
		{31FFB845-11F3-EA28-7367-A8128E5B3AD2}.Release|Any CPU.Build.0 = Release|Any CPU
		{FB46C731-1531-E51D-2501-7A02A3580AFA}.Debug|Any CPU.ActiveCfg = Debug|Any CPU
		{FB46C731-1531-E51D-2501-7A02A3580AFA}.Debug|Any CPU.Build.0 = Debug|Any CPU
		{FB46C731-1531-E51D-2501-7A02A3580AFA}.Release|Any CPU.ActiveCfg = Release|Any CPU
		{FB46C731-1531-E51D-2501-7A02A3580AFA}.Release|Any CPU.Build.0 = Release|Any CPU
	EndGlobalSection
	GlobalSection(SolutionProperties) = preSolution
		HideSolutionNode = FALSE
	EndGlobalSection
	GlobalSection(NestedProjects) = preSolution
		{9A6C3BBD-446B-001B-2F05-1384FCE031E5} = {F40A6B9C-1551-2899-B62A-34194074F929}
		{31FFB845-11F3-EA28-7367-A8128E5B3AD2} = {9A6C3BBD-446B-001B-2F05-1384FCE031E5}
		{FB46C731-1531-E51D-2501-7A02A3580AFA} = {9A6C3BBD-446B-001B-2F05-1384FCE031E5}
	EndGlobalSection
	GlobalSection(ExtensibilityGlobals) = postSolution
		SolutionGuid = {CF9AB7D9-3BA7-40FD-AFFF-AF0A3BDECF41}
	EndGlobalSection
EndGlobal
